cloud.google.com/go v0.30.0 h1:xKvyLgk56d0nksWq49J0UyGEeUIicTl4+UBiX1NPX9g=
cloud.google.com/go v0.30.0/go.mod h1:aQUYkXzVsufM+DwF1aE+0xfcU+56JwCaLick0ClmMTw=
cloud.google.com/go/compute v0.0.0-20181010175407-5f0ffe772937/go.mod h1:G7mAYYxgmS0lVkHyy2hEOLQCFB0DlQFTMLWggykrydY=
cloud.google.com/go/compute/metadata v0.0.0-20181010175407-5f0ffe772937/go.mod h1:G7mAYYxgmS0lVkHyy2hEOLQCFB0DlQFTMLWggykrydY=
github.com/gorilla/context v1.1.1 h1:AWwleXJkX/nhcU9bZSnZoi3h/qGYqQAGhq6zZe/aQW8=
github.com/gorilla/context v1.1.1/go.mod h1:kBGZzfjB9CEq2AlWe17Uuf7NDRt0dE0s8S51q0aT7Yg=
github.com/gorilla/mux v1.6.2 h1:Pgr17XVTNXAk3q/r4CpKzC5xBM/qW1uVLV+IhRZpIIk=
github.com/gorilla/mux v1.6.2/go.mod h1:1lud6UwP+6orDFRuTfBEV8e9/aOM/c4fVVCaMa2zaAs=
github.com/gorilla/pat v0.0.0-20180118222023-199c85a7f6d1 h1:LqbZZ9sNMWVjeXS4NN5oVvhMjDyLhmA1LG86oSo+IqY=
github.com/gorilla/pat v0.0.0-20180118222023-199c85a7f6d1/go.mod h1:YeAe0gNeiNT5hoiZRI4yiOky6jVdNvfO2N6Kav/HmxY=
github.com/gorilla/securecookie v1.1.1 h1:miw7JPhV+b/lAHSXz4qd/nN9jRiAFV5FwjeKyCS8BvQ=
github.com/gorilla/securecookie v1.1.1/go.mod h1:ra0sb63/xPlUeL+yeDciTfxMRAA+MP+HVt/4epWDjd4=
github.com/gorilla/sessions v1.1.1 h1:YMDmfaK68mUixINzY/XjscuJ47uXFWSSHzFbBQM0PrE=
github.com/gorilla/sessions v1.1.1/go.mod h1:8KCfur6+4Mqcc6S0FEfKuN15Vl5MgXW92AE8ovaJD0w=
github.com/markbates/going v1.0.0 h1:DQw0ZP7NbNlFGcKbcE/IVSOAFzScxRtLpd0rLMzLhq0=
github.com/markbates/going v1.0.0/go.mod h1:I6mnB4BPnEeqo85ynXIx1ZFLLbtiLHNXVgWeFO9OGOA=
github.com/mrjones/oauth v0.0.0-20180629183705-f4e24b6d100c h1:3wkDRdxK92dF+c1ke2dtj7ZzemFWBHB9plnJOtlwdFA=
github.com/mrjones/oauth v0.0.0-20180629183705-f4e24b6d100c/go.mod h1:skjdDftzkFALcuGzYSklqYd8gvat6F1gZJ4YPVbkZpM=
golang.org/x/net v0.0.0-20180706051357-32a936f46389 h1:U+zCn5sqaq+q4hrnMrz9sgrW1yatwEOUgYkGt3u9ZOU=
golang.org/x/net v0.0.0-20180706051357-32a936f46389/go.mod h1:mL1N/T3taQHkDXs73rZJwtUhF3w3ftmwwsq0BUmARs4=
golang.org/x/oauth2 v0.0.0-20180620175406-ef147856a6dd h1:QQhib242ErYDSMitlBm8V7wYCm/1a25hV8qMadIKLPA=
golang.org/x/oauth2 v0.0.0-20180620175406-ef147856a6dd/go.mod h1:N/0e6XlmueqKjAGxoOufVs8QHGRruUQn6yWY3a++T0U=
